// !$*UTF8*$!
{
	archiveVersion = 1;
	classes = {
	};
	objectVersion = 46;
	objects = {

/* Begin PBXBuildFile section */
		4550460F19CC985F004EC589 /* StopCell.xib in Resources */ = {isa = PBXBuildFile; fileRef = 4550460E19CC985F004EC589 /* StopCell.xib */; };
		455E5F8B19CC9FAD007620AD /* BB_StopCell.m in Sources */ = {isa = PBXBuildFile; fileRef = 455E5F8A19CC9FAD007620AD /* BB_StopCell.m */; };
		4598D29C19D0D5FF00BF6339 /* BB_StopEstimatePair.m in Sources */ = {isa = PBXBuildFile; fileRef = 4598D29B19D0D5FF00BF6339 /* BB_StopEstimatePair.m */; };
		45A5AB7D1A643B330068728F /* BB_MenuViewController.m in Sources */ = {isa = PBXBuildFile; fileRef = 45A5AB7B1A643B330068728F /* BB_MenuViewController.m */; };
		45A5AB7E1A643B330068728F /* BB_MenuViewController.xib in Resources */ = {isa = PBXBuildFile; fileRef = 45A5AB7C1A643B330068728F /* BB_MenuViewController.xib */; };
		7C7FDFE119D337500053E3A6 /* StopETABox.xib in Resources */ = {isa = PBXBuildFile; fileRef = 7C7FDFE019D337500053E3A6 /* StopETABox.xib */; };
		7C7FDFE419D338480053E3A6 /* BB_StopETABox.m in Sources */ = {isa = PBXBuildFile; fileRef = 7C7FDFE319D338480053E3A6 /* BB_StopETABox.m */; };
		7C7FDFE819E489340053E3A6 /* GoogleMaps.framework in Frameworks */ = {isa = PBXBuildFile; fileRef = 7C7FDFE719E489340053E3A6 /* GoogleMaps.framework */; };
		7C92FA3419FEBE9A004A44B5 /* BB_MapLabelView.m in Sources */ = {isa = PBXBuildFile; fileRef = 7C92FA3319FEBE9A004A44B5 /* BB_MapLabelView.m */; };
		7C92FA391A080DDD004A44B5 /* MBProgressHUD.m in Sources */ = {isa = PBXBuildFile; fileRef = 7C92FA381A080DDD004A44B5 /* MBProgressHUD.m */; };
		7C92FA3C1A643CEB004A44B5 /* BB_Favorite.m in Sources */ = {isa = PBXBuildFile; fileRef = 7C92FA3B1A643CEB004A44B5 /* BB_Favorite.m */; };
		7C92FA411A6452D8004A44B5 /* FavoriteRow.xib in Resources */ = {isa = PBXBuildFile; fileRef = 7C92FA401A6452D8004A44B5 /* FavoriteRow.xib */; };
		7CC348ED19E71EBD00183D25 /* PopUpViewController.m in Sources */ = {isa = PBXBuildFile; fileRef = 7CC348EB19E71EBD00183D25 /* PopUpViewController.m */; };
		7CC348EE19E71EBD00183D25 /* PopUpViewController.xib in Resources */ = {isa = PBXBuildFile; fileRef = 7CC348EC19E71EBD00183D25 /* PopUpViewController.xib */; };
		7CC348F219E7471C00183D25 /* Gudea-Bold.otf in Resources */ = {isa = PBXBuildFile; fileRef = 7CC348EF19E7471C00183D25 /* Gudea-Bold.otf */; };
		7CC348F319E7471C00183D25 /* Gudea-Italic.otf in Resources */ = {isa = PBXBuildFile; fileRef = 7CC348F019E7471C00183D25 /* Gudea-Italic.otf */; };
		7CC348F419E7471C00183D25 /* Gudea-Regular.otf in Resources */ = {isa = PBXBuildFile; fileRef = 7CC348F119E7471C00183D25 /* Gudea-Regular.otf */; };
		7CC348F719F7124300183D25 /* Reachability.m in Sources */ = {isa = PBXBuildFile; fileRef = 7CC348F619F7124300183D25 /* Reachability.m */; };
		7CDD0AAC19C8D85E00B7623D /* Foundation.framework in Frameworks */ = {isa = PBXBuildFile; fileRef = 7CDD0AAB19C8D85E00B7623D /* Foundation.framework */; };
		7CDD0AAE19C8D85E00B7623D /* CoreGraphics.framework in Frameworks */ = {isa = PBXBuildFile; fileRef = 7CDD0AAD19C8D85E00B7623D /* CoreGraphics.framework */; };
		7CDD0AB019C8D85E00B7623D /* UIKit.framework in Frameworks */ = {isa = PBXBuildFile; fileRef = 7CDD0AAF19C8D85E00B7623D /* UIKit.framework */; };
		7CDD0AB619C8D85E00B7623D /* InfoPlist.strings in Resources */ = {isa = PBXBuildFile; fileRef = 7CDD0AB419C8D85E00B7623D /* InfoPlist.strings */; };
		7CDD0AB819C8D85E00B7623D /* main.m in Sources */ = {isa = PBXBuildFile; fileRef = 7CDD0AB719C8D85E00B7623D /* main.m */; };
		7CDD0ABC19C8D85E00B7623D /* BB_AppDelegate.m in Sources */ = {isa = PBXBuildFile; fileRef = 7CDD0ABB19C8D85E00B7623D /* BB_AppDelegate.m */; };
		7CDD0ABF19C8D85E00B7623D /* Main.storyboard in Resources */ = {isa = PBXBuildFile; fileRef = 7CDD0ABD19C8D85E00B7623D /* Main.storyboard */; };
		7CDD0AC219C8D85E00B7623D /* BB_ViewController.m in Sources */ = {isa = PBXBuildFile; fileRef = 7CDD0AC119C8D85E00B7623D /* BB_ViewController.m */; };
		7CDD0AC419C8D85E00B7623D /* Images.xcassets in Resources */ = {isa = PBXBuildFile; fileRef = 7CDD0AC319C8D85E00B7623D /* Images.xcassets */; };
		7CDD0ACB19C8D85E00B7623D /* XCTest.framework in Frameworks */ = {isa = PBXBuildFile; fileRef = 7CDD0ACA19C8D85E00B7623D /* XCTest.framework */; };
		7CDD0ACC19C8D85E00B7623D /* Foundation.framework in Frameworks */ = {isa = PBXBuildFile; fileRef = 7CDD0AAB19C8D85E00B7623D /* Foundation.framework */; };
		7CDD0ACD19C8D85E00B7623D /* UIKit.framework in Frameworks */ = {isa = PBXBuildFile; fileRef = 7CDD0AAF19C8D85E00B7623D /* UIKit.framework */; };
		7CDD0AD519C8D85E00B7623D /* InfoPlist.strings in Resources */ = {isa = PBXBuildFile; fileRef = 7CDD0AD319C8D85E00B7623D /* InfoPlist.strings */; };
		7CDD0AD719C8D85E00B7623D /* BeaverBusTests.m in Sources */ = {isa = PBXBuildFile; fileRef = 7CDD0AD619C8D85E00B7623D /* BeaverBusTests.m */; };
		7CDD0B9719C8DA0000B7623D /* AVFoundation.framework in Frameworks */ = {isa = PBXBuildFile; fileRef = 7CDD0B9619C8DA0000B7623D /* AVFoundation.framework */; };
		7CDD0B9919C8DA0700B7623D /* CoreData.framework in Frameworks */ = {isa = PBXBuildFile; fileRef = 7CDD0B9819C8DA0700B7623D /* CoreData.framework */; };
		7CDD0B9B19C8DA0D00B7623D /* CoreLocation.framework in Frameworks */ = {isa = PBXBuildFile; fileRef = 7CDD0B9A19C8DA0D00B7623D /* CoreLocation.framework */; };
		7CDD0B9D19C8DA1300B7623D /* CoreText.framework in Frameworks */ = {isa = PBXBuildFile; fileRef = 7CDD0B9C19C8DA1300B7623D /* CoreText.framework */; };
		7CDD0B9F19C8DA1800B7623D /* GLKit.framework in Frameworks */ = {isa = PBXBuildFile; fileRef = 7CDD0B9E19C8DA1800B7623D /* GLKit.framework */; };
		7CDD0BA119C8DA1D00B7623D /* ImageIO.framework in Frameworks */ = {isa = PBXBuildFile; fileRef = 7CDD0BA019C8DA1D00B7623D /* ImageIO.framework */; };
		7CDD0BA319C8DA2500B7623D /* libc++.dylib in Frameworks */ = {isa = PBXBuildFile; fileRef = 7CDD0BA219C8DA2500B7623D /* libc++.dylib */; };
		7CDD0BA519C8DA2B00B7623D /* libicucore.dylib in Frameworks */ = {isa = PBXBuildFile; fileRef = 7CDD0BA419C8DA2B00B7623D /* libicucore.dylib */; };
		7CDD0BA719C8DA3100B7623D /* libz.dylib in Frameworks */ = {isa = PBXBuildFile; fileRef = 7CDD0BA619C8DA3100B7623D /* libz.dylib */; };
		7CDD0BA919C8DA3600B7623D /* OpenGLES.framework in Frameworks */ = {isa = PBXBuildFile; fileRef = 7CDD0BA819C8DA3600B7623D /* OpenGLES.framework */; };
		7CDD0BAB19C8DA3A00B7623D /* QuartzCore.framework in Frameworks */ = {isa = PBXBuildFile; fileRef = 7CDD0BAA19C8DA3A00B7623D /* QuartzCore.framework */; };
		7CDD0BAD19C8DA3F00B7623D /* SystemConfiguration.framework in Frameworks */ = {isa = PBXBuildFile; fileRef = 7CDD0BAC19C8DA3F00B7623D /* SystemConfiguration.framework */; };
		7CDD0BB219C8DEE600B7623D /* BB_MapState.m in Sources */ = {isa = PBXBuildFile; fileRef = 7CDD0BB119C8DEE600B7623D /* BB_MapState.m */; };
		7CDD0BB519C8EB3A00B7623D /* BB_Shuttle.m in Sources */ = {isa = PBXBuildFile; fileRef = 7CDD0BB419C8EB3A00B7623D /* BB_Shuttle.m */; };
		7CDD0BB819C8EB4F00B7623D /* BB_Stop.m in Sources */ = {isa = PBXBuildFile; fileRef = 7CDD0BB719C8EB4F00B7623D /* BB_Stop.m */; };
		7CDD0BBB19C8F35A00B7623D /* BB_ShuttleUpdater.m in Sources */ = {isa = PBXBuildFile; fileRef = 7CDD0BBA19C8F35A00B7623D /* BB_ShuttleUpdater.m */; };
		7CF5E37619CB46190042950F /* GoogleMaps.bundle in Resources */ = {isa = PBXBuildFile; fileRef = 7CF5E37519CB46190042950F /* GoogleMaps.bundle */; };
/* End PBXBuildFile section */

/* Begin PBXContainerItemProxy section */
		7CDD0ACE19C8D85E00B7623D /* PBXContainerItemProxy */ = {
			isa = PBXContainerItemProxy;
			containerPortal = 7CDD0AA019C8D85E00B7623D /* Project object */;
			proxyType = 1;
			remoteGlobalIDString = 7CDD0AA719C8D85E00B7623D;
			remoteInfo = BeaverBus;
		};
/* End PBXContainerItemProxy section */

/* Begin PBXFileReference section */
		4550460B19CC921B004EC589 /* EasyTableView.h */ = {isa = PBXFileReference; fileEncoding = 4; lastKnownFileType = sourcecode.c.h; path = EasyTableView.h; sourceTree = "<group>"; };
		4550460C19CC921B004EC589 /* EasyTableView.m */ = {isa = PBXFileReference; fileEncoding = 4; lastKnownFileType = sourcecode.c.objc; path = EasyTableView.m; sourceTree = "<group>"; };
		4550460E19CC985F004EC589 /* StopCell.xib */ = {isa = PBXFileReference; fileEncoding = 4; lastKnownFileType = file.xib; name = StopCell.xib; path = ../StopCell.xib; sourceTree = "<group>"; };
		455E5F8919CC9FAD007620AD /* BB_StopCell.h */ = {isa = PBXFileReference; fileEncoding = 4; lastKnownFileType = sourcecode.c.h; path = BB_StopCell.h; sourceTree = "<group>"; };
		455E5F8A19CC9FAD007620AD /* BB_StopCell.m */ = {isa = PBXFileReference; fileEncoding = 4; lastKnownFileType = sourcecode.c.objc; path = BB_StopCell.m; sourceTree = "<group>"; };
		4598D29A19D0D5FF00BF6339 /* BB_StopEstimatePair.h */ = {isa = PBXFileReference; fileEncoding = 4; lastKnownFileType = sourcecode.c.h; path = BB_StopEstimatePair.h; sourceTree = "<group>"; };
		4598D29B19D0D5FF00BF6339 /* BB_StopEstimatePair.m */ = {isa = PBXFileReference; fileEncoding = 4; lastKnownFileType = sourcecode.c.objc; path = BB_StopEstimatePair.m; sourceTree = "<group>"; };
		45A5AB7A1A643B330068728F /* BB_MenuViewController.h */ = {isa = PBXFileReference; fileEncoding = 4; lastKnownFileType = sourcecode.c.h; path = BB_MenuViewController.h; sourceTree = "<group>"; };
		45A5AB7B1A643B330068728F /* BB_MenuViewController.m */ = {isa = PBXFileReference; fileEncoding = 4; lastKnownFileType = sourcecode.c.objc; path = BB_MenuViewController.m; sourceTree = "<group>"; };
		45A5AB7C1A643B330068728F /* BB_MenuViewController.xib */ = {isa = PBXFileReference; fileEncoding = 4; lastKnownFileType = file.xib; path = BB_MenuViewController.xib; sourceTree = "<group>"; };
		7C7FDFE019D337500053E3A6 /* StopETABox.xib */ = {isa = PBXFileReference; fileEncoding = 4; lastKnownFileType = file.xib; path = StopETABox.xib; sourceTree = "<group>"; };
		7C7FDFE219D338480053E3A6 /* BB_StopETABox.h */ = {isa = PBXFileReference; fileEncoding = 4; lastKnownFileType = sourcecode.c.h; path = BB_StopETABox.h; sourceTree = "<group>"; };
		7C7FDFE319D338480053E3A6 /* BB_StopETABox.m */ = {isa = PBXFileReference; fileEncoding = 4; lastKnownFileType = sourcecode.c.objc; path = BB_StopETABox.m; sourceTree = "<group>"; };
		7C7FDFE719E489340053E3A6 /* GoogleMaps.framework */ = {isa = PBXFileReference; lastKnownFileType = wrapper.framework; name = GoogleMaps.framework; path = "../../Downloads/GoogleMaps-iOS-1.8.1/GoogleMaps.framework"; sourceTree = "<group>"; };
		7C92FA3219FEBE9A004A44B5 /* BB_MapLabelView.h */ = {isa = PBXFileReference; fileEncoding = 4; lastKnownFileType = sourcecode.c.h; path = BB_MapLabelView.h; sourceTree = "<group>"; };
		7C92FA3319FEBE9A004A44B5 /* BB_MapLabelView.m */ = {isa = PBXFileReference; fileEncoding = 4; lastKnownFileType = sourcecode.c.objc; path = BB_MapLabelView.m; sourceTree = "<group>"; };
		7C92FA371A080DDD004A44B5 /* MBProgressHUD.h */ = {isa = PBXFileReference; fileEncoding = 4; lastKnownFileType = sourcecode.c.h; path = MBProgressHUD.h; sourceTree = "<group>"; };
		7C92FA381A080DDD004A44B5 /* MBProgressHUD.m */ = {isa = PBXFileReference; fileEncoding = 4; lastKnownFileType = sourcecode.c.objc; path = MBProgressHUD.m; sourceTree = "<group>"; };
		7C92FA3A1A643CEB004A44B5 /* BB_Favorite.h */ = {isa = PBXFileReference; fileEncoding = 4; lastKnownFileType = sourcecode.c.h; path = BB_Favorite.h; sourceTree = "<group>"; };
		7C92FA3B1A643CEB004A44B5 /* BB_Favorite.m */ = {isa = PBXFileReference; fileEncoding = 4; lastKnownFileType = sourcecode.c.objc; path = BB_Favorite.m; sourceTree = "<group>"; };
		7C92FA401A6452D8004A44B5 /* FavoriteRow.xib */ = {isa = PBXFileReference; fileEncoding = 4; lastKnownFileType = file.xib; path = FavoriteRow.xib; sourceTree = "<group>"; };
		7CC348EA19E71EBD00183D25 /* PopUpViewController.h */ = {isa = PBXFileReference; fileEncoding = 4; lastKnownFileType = sourcecode.c.h; name = PopUpViewController.h; path = ../PopUpViewController.h; sourceTree = "<group>"; };
		7CC348EB19E71EBD00183D25 /* PopUpViewController.m */ = {isa = PBXFileReference; fileEncoding = 4; lastKnownFileType = sourcecode.c.objc; name = PopUpViewController.m; path = ../PopUpViewController.m; sourceTree = "<group>"; };
		7CC348EC19E71EBD00183D25 /* PopUpViewController.xib */ = {isa = PBXFileReference; fileEncoding = 4; lastKnownFileType = file.xib; name = PopUpViewController.xib; path = ../PopUpViewController.xib; sourceTree = "<group>"; };
		7CC348EF19E7471C00183D25 /* Gudea-Bold.otf */ = {isa = PBXFileReference; lastKnownFileType = file; path = "Gudea-Bold.otf"; sourceTree = "<group>"; };
		7CC348F019E7471C00183D25 /* Gudea-Italic.otf */ = {isa = PBXFileReference; lastKnownFileType = file; path = "Gudea-Italic.otf"; sourceTree = "<group>"; };
		7CC348F119E7471C00183D25 /* Gudea-Regular.otf */ = {isa = PBXFileReference; lastKnownFileType = file; path = "Gudea-Regular.otf"; sourceTree = "<group>"; };
		7CC348F519F7124300183D25 /* Reachability.h */ = {isa = PBXFileReference; fileEncoding = 4; lastKnownFileType = sourcecode.c.h; name = Reachability.h; path = ../Reachability.h; sourceTree = "<group>"; };
		7CC348F619F7124300183D25 /* Reachability.m */ = {isa = PBXFileReference; fileEncoding = 4; lastKnownFileType = sourcecode.c.objc; name = Reachability.m; path = ../Reachability.m; sourceTree = "<group>"; };
		7CDD0AA819C8D85E00B7623D /* BeaverBus.app */ = {isa = PBXFileReference; explicitFileType = wrapper.application; includeInIndex = 0; path = BeaverBus.app; sourceTree = BUILT_PRODUCTS_DIR; };
		7CDD0AAB19C8D85E00B7623D /* Foundation.framework */ = {isa = PBXFileReference; lastKnownFileType = wrapper.framework; name = Foundation.framework; path = System/Library/Frameworks/Foundation.framework; sourceTree = SDKROOT; };
		7CDD0AAD19C8D85E00B7623D /* CoreGraphics.framework */ = {isa = PBXFileReference; lastKnownFileType = wrapper.framework; name = CoreGraphics.framework; path = System/Library/Frameworks/CoreGraphics.framework; sourceTree = SDKROOT; };
		7CDD0AAF19C8D85E00B7623D /* UIKit.framework */ = {isa = PBXFileReference; lastKnownFileType = wrapper.framework; name = UIKit.framework; path = System/Library/Frameworks/UIKit.framework; sourceTree = SDKROOT; };
		7CDD0AB319C8D85E00B7623D /* BeaverBus-Info.plist */ = {isa = PBXFileReference; lastKnownFileType = text.plist.xml; path = "BeaverBus-Info.plist"; sourceTree = "<group>"; };
		7CDD0AB519C8D85E00B7623D /* en */ = {isa = PBXFileReference; lastKnownFileType = text.plist.strings; name = en; path = en.lproj/InfoPlist.strings; sourceTree = "<group>"; };
		7CDD0AB719C8D85E00B7623D /* main.m */ = {isa = PBXFileReference; lastKnownFileType = sourcecode.c.objc; path = main.m; sourceTree = "<group>"; };
		7CDD0AB919C8D85E00B7623D /* BeaverBus-Prefix.pch */ = {isa = PBXFileReference; lastKnownFileType = sourcecode.c.h; path = "BeaverBus-Prefix.pch"; sourceTree = "<group>"; };
		7CDD0ABA19C8D85E00B7623D /* BB_AppDelegate.h */ = {isa = PBXFileReference; lastKnownFileType = sourcecode.c.h; path = BB_AppDelegate.h; sourceTree = "<group>"; };
		7CDD0ABB19C8D85E00B7623D /* BB_AppDelegate.m */ = {isa = PBXFileReference; lastKnownFileType = sourcecode.c.objc; path = BB_AppDelegate.m; sourceTree = "<group>"; };
		7CDD0ABE19C8D85E00B7623D /* Base */ = {isa = PBXFileReference; lastKnownFileType = file.storyboard; name = Base; path = Base.lproj/Main.storyboard; sourceTree = "<group>"; };
		7CDD0AC019C8D85E00B7623D /* BB_ViewController.h */ = {isa = PBXFileReference; lastKnownFileType = sourcecode.c.h; path = BB_ViewController.h; sourceTree = "<group>"; };
		7CDD0AC119C8D85E00B7623D /* BB_ViewController.m */ = {isa = PBXFileReference; lastKnownFileType = sourcecode.c.objc; path = BB_ViewController.m; sourceTree = "<group>"; };
		7CDD0AC319C8D85E00B7623D /* Images.xcassets */ = {isa = PBXFileReference; lastKnownFileType = folder.assetcatalog; path = Images.xcassets; sourceTree = "<group>"; };
		7CDD0AC919C8D85E00B7623D /* BeaverBusTests.xctest */ = {isa = PBXFileReference; explicitFileType = wrapper.cfbundle; includeInIndex = 0; path = BeaverBusTests.xctest; sourceTree = BUILT_PRODUCTS_DIR; };
		7CDD0ACA19C8D85E00B7623D /* XCTest.framework */ = {isa = PBXFileReference; lastKnownFileType = wrapper.framework; name = XCTest.framework; path = Library/Frameworks/XCTest.framework; sourceTree = DEVELOPER_DIR; };
		7CDD0AD219C8D85E00B7623D /* BeaverBusTests-Info.plist */ = {isa = PBXFileReference; lastKnownFileType = text.plist.xml; path = "BeaverBusTests-Info.plist"; sourceTree = "<group>"; };
		7CDD0AD419C8D85E00B7623D /* en */ = {isa = PBXFileReference; lastKnownFileType = text.plist.strings; name = en; path = en.lproj/InfoPlist.strings; sourceTree = "<group>"; };
		7CDD0AD619C8D85E00B7623D /* BeaverBusTests.m */ = {isa = PBXFileReference; lastKnownFileType = sourcecode.c.objc; path = BeaverBusTests.m; sourceTree = "<group>"; };
		7CDD0B9619C8DA0000B7623D /* AVFoundation.framework */ = {isa = PBXFileReference; lastKnownFileType = wrapper.framework; name = AVFoundation.framework; path = System/Library/Frameworks/AVFoundation.framework; sourceTree = SDKROOT; };
		7CDD0B9819C8DA0700B7623D /* CoreData.framework */ = {isa = PBXFileReference; lastKnownFileType = wrapper.framework; name = CoreData.framework; path = System/Library/Frameworks/CoreData.framework; sourceTree = SDKROOT; };
		7CDD0B9A19C8DA0D00B7623D /* CoreLocation.framework */ = {isa = PBXFileReference; lastKnownFileType = wrapper.framework; name = CoreLocation.framework; path = System/Library/Frameworks/CoreLocation.framework; sourceTree = SDKROOT; };
		7CDD0B9C19C8DA1300B7623D /* CoreText.framework */ = {isa = PBXFileReference; lastKnownFileType = wrapper.framework; name = CoreText.framework; path = System/Library/Frameworks/CoreText.framework; sourceTree = SDKROOT; };
		7CDD0B9E19C8DA1800B7623D /* GLKit.framework */ = {isa = PBXFileReference; lastKnownFileType = wrapper.framework; name = GLKit.framework; path = System/Library/Frameworks/GLKit.framework; sourceTree = SDKROOT; };
		7CDD0BA019C8DA1D00B7623D /* ImageIO.framework */ = {isa = PBXFileReference; lastKnownFileType = wrapper.framework; name = ImageIO.framework; path = System/Library/Frameworks/ImageIO.framework; sourceTree = SDKROOT; };
		7CDD0BA219C8DA2500B7623D /* libc++.dylib */ = {isa = PBXFileReference; lastKnownFileType = "compiled.mach-o.dylib"; name = "libc++.dylib"; path = "usr/lib/libc++.dylib"; sourceTree = SDKROOT; };
		7CDD0BA419C8DA2B00B7623D /* libicucore.dylib */ = {isa = PBXFileReference; lastKnownFileType = "compiled.mach-o.dylib"; name = libicucore.dylib; path = usr/lib/libicucore.dylib; sourceTree = SDKROOT; };
		7CDD0BA619C8DA3100B7623D /* libz.dylib */ = {isa = PBXFileReference; lastKnownFileType = "compiled.mach-o.dylib"; name = libz.dylib; path = usr/lib/libz.dylib; sourceTree = SDKROOT; };
		7CDD0BA819C8DA3600B7623D /* OpenGLES.framework */ = {isa = PBXFileReference; lastKnownFileType = wrapper.framework; name = OpenGLES.framework; path = System/Library/Frameworks/OpenGLES.framework; sourceTree = SDKROOT; };
		7CDD0BAA19C8DA3A00B7623D /* QuartzCore.framework */ = {isa = PBXFileReference; lastKnownFileType = wrapper.framework; name = QuartzCore.framework; path = System/Library/Frameworks/QuartzCore.framework; sourceTree = SDKROOT; };
		7CDD0BAC19C8DA3F00B7623D /* SystemConfiguration.framework */ = {isa = PBXFileReference; lastKnownFileType = wrapper.framework; name = SystemConfiguration.framework; path = System/Library/Frameworks/SystemConfiguration.framework; sourceTree = SDKROOT; };
		7CDD0BB019C8DEE600B7623D /* BB_MapState.h */ = {isa = PBXFileReference; fileEncoding = 4; lastKnownFileType = sourcecode.c.h; path = BB_MapState.h; sourceTree = "<group>"; };
		7CDD0BB119C8DEE600B7623D /* BB_MapState.m */ = {isa = PBXFileReference; fileEncoding = 4; lastKnownFileType = sourcecode.c.objc; path = BB_MapState.m; sourceTree = "<group>"; };
		7CDD0BB319C8EB3A00B7623D /* BB_Shuttle.h */ = {isa = PBXFileReference; fileEncoding = 4; lastKnownFileType = sourcecode.c.h; path = BB_Shuttle.h; sourceTree = "<group>"; };
		7CDD0BB419C8EB3A00B7623D /* BB_Shuttle.m */ = {isa = PBXFileReference; fileEncoding = 4; lastKnownFileType = sourcecode.c.objc; path = BB_Shuttle.m; sourceTree = "<group>"; };
		7CDD0BB619C8EB4F00B7623D /* BB_Stop.h */ = {isa = PBXFileReference; fileEncoding = 4; lastKnownFileType = sourcecode.c.h; path = BB_Stop.h; sourceTree = "<group>"; };
		7CDD0BB719C8EB4F00B7623D /* BB_Stop.m */ = {isa = PBXFileReference; fileEncoding = 4; lastKnownFileType = sourcecode.c.objc; path = BB_Stop.m; sourceTree = "<group>"; };
		7CDD0BB919C8F35A00B7623D /* BB_ShuttleUpdater.h */ = {isa = PBXFileReference; fileEncoding = 4; lastKnownFileType = sourcecode.c.h; path = BB_ShuttleUpdater.h; sourceTree = "<group>"; };
		7CDD0BBA19C8F35A00B7623D /* BB_ShuttleUpdater.m */ = {isa = PBXFileReference; fileEncoding = 4; lastKnownFileType = sourcecode.c.objc; path = BB_ShuttleUpdater.m; sourceTree = "<group>"; };
		7CF5E37319CB46020042950F /* GoogleMaps.framework */ = {isa = PBXFileReference; lastKnownFileType = wrapper.framework; name = GoogleMaps.framework; path = BeaverBus/Dependencies/GoogleMaps.framework; sourceTree = "<group>"; };
		7CF5E37519CB46190042950F /* GoogleMaps.bundle */ = {isa = PBXFileReference; lastKnownFileType = "wrapper.plug-in"; name = GoogleMaps.bundle; path = BeaverBus/Dependencies/GoogleMaps.framework/Versions/A/Resources/GoogleMaps.bundle; sourceTree = "<group>"; };
/* End PBXFileReference section */

/* Begin PBXFrameworksBuildPhase section */
		7CDD0AA519C8D85E00B7623D /* Frameworks */ = {
			isa = PBXFrameworksBuildPhase;
			buildActionMask = 2147483647;
			files = (
				7C7FDFE819E489340053E3A6 /* GoogleMaps.framework in Frameworks */,
				7CDD0BAD19C8DA3F00B7623D /* SystemConfiguration.framework in Frameworks */,
				7CDD0BAB19C8DA3A00B7623D /* QuartzCore.framework in Frameworks */,
				7CDD0BA919C8DA3600B7623D /* OpenGLES.framework in Frameworks */,
				7CDD0BA719C8DA3100B7623D /* libz.dylib in Frameworks */,
				7CDD0BA519C8DA2B00B7623D /* libicucore.dylib in Frameworks */,
				7CDD0BA319C8DA2500B7623D /* libc++.dylib in Frameworks */,
				7CDD0BA119C8DA1D00B7623D /* ImageIO.framework in Frameworks */,
				7CDD0B9F19C8DA1800B7623D /* GLKit.framework in Frameworks */,
				7CDD0B9D19C8DA1300B7623D /* CoreText.framework in Frameworks */,
				7CDD0B9B19C8DA0D00B7623D /* CoreLocation.framework in Frameworks */,
				7CDD0B9919C8DA0700B7623D /* CoreData.framework in Frameworks */,
				7CDD0B9719C8DA0000B7623D /* AVFoundation.framework in Frameworks */,
				7CDD0AAE19C8D85E00B7623D /* CoreGraphics.framework in Frameworks */,
				7CDD0AB019C8D85E00B7623D /* UIKit.framework in Frameworks */,
				7CDD0AAC19C8D85E00B7623D /* Foundation.framework in Frameworks */,
			);
			runOnlyForDeploymentPostprocessing = 0;
		};
		7CDD0AC619C8D85E00B7623D /* Frameworks */ = {
			isa = PBXFrameworksBuildPhase;
			buildActionMask = 2147483647;
			files = (
				7CDD0ACB19C8D85E00B7623D /* XCTest.framework in Frameworks */,
				7CDD0ACD19C8D85E00B7623D /* UIKit.framework in Frameworks */,
				7CDD0ACC19C8D85E00B7623D /* Foundation.framework in Frameworks */,
			);
			runOnlyForDeploymentPostprocessing = 0;
		};
/* End PBXFrameworksBuildPhase section */

/* Begin PBXGroup section */
		4550460A19CC921B004EC589 /* EasyTableView */ = {
			isa = PBXGroup;
			children = (
				4550460B19CC921B004EC589 /* EasyTableView.h */,
				4550460C19CC921B004EC589 /* EasyTableView.m */,
			);
			path = EasyTableView;
			sourceTree = "<group>";
		};
		7CDD0A9F19C8D85E00B7623D = {
			isa = PBXGroup;
			children = (
				7CDD0AB119C8D85E00B7623D /* BeaverBus */,
				7CDD0AD019C8D85E00B7623D /* BeaverBusTests */,
				7CDD0AAA19C8D85E00B7623D /* Frameworks */,
				7CDD0AA919C8D85E00B7623D /* Products */,
			);
			sourceTree = "<group>";
		};
		7CDD0AA919C8D85E00B7623D /* Products */ = {
			isa = PBXGroup;
			children = (
				7CDD0AA819C8D85E00B7623D /* BeaverBus.app */,
				7CDD0AC919C8D85E00B7623D /* BeaverBusTests.xctest */,
			);
			name = Products;
			sourceTree = "<group>";
		};
		7CDD0AAA19C8D85E00B7623D /* Frameworks */ = {
			isa = PBXGroup;
			children = (
				7C7FDFE719E489340053E3A6 /* GoogleMaps.framework */,
				7CF5E37519CB46190042950F /* GoogleMaps.bundle */,
				7CF5E37319CB46020042950F /* GoogleMaps.framework */,
				7CDD0BAC19C8DA3F00B7623D /* SystemConfiguration.framework */,
				7CDD0BAA19C8DA3A00B7623D /* QuartzCore.framework */,
				7CDD0BA819C8DA3600B7623D /* OpenGLES.framework */,
				7CDD0BA619C8DA3100B7623D /* libz.dylib */,
				7CDD0BA419C8DA2B00B7623D /* libicucore.dylib */,
				7CDD0BA219C8DA2500B7623D /* libc++.dylib */,
				7CDD0BA019C8DA1D00B7623D /* ImageIO.framework */,
				7CDD0B9E19C8DA1800B7623D /* GLKit.framework */,
				7CDD0B9C19C8DA1300B7623D /* CoreText.framework */,
				7CDD0B9A19C8DA0D00B7623D /* CoreLocation.framework */,
				7CDD0B9819C8DA0700B7623D /* CoreData.framework */,
				7CDD0B9619C8DA0000B7623D /* AVFoundation.framework */,
				7CDD0AAB19C8D85E00B7623D /* Foundation.framework */,
				7CDD0AAD19C8D85E00B7623D /* CoreGraphics.framework */,
				7CDD0AAF19C8D85E00B7623D /* UIKit.framework */,
				7CDD0ACA19C8D85E00B7623D /* XCTest.framework */,
			);
			name = Frameworks;
			sourceTree = "<group>";
		};
		7CDD0AB119C8D85E00B7623D /* BeaverBus */ = {
			isa = PBXGroup;
			children = (
				7C92FA3A1A643CEB004A44B5 /* BB_Favorite.h */,
				7C92FA3B1A643CEB004A44B5 /* BB_Favorite.m */,
				7C92FA401A6452D8004A44B5 /* FavoriteRow.xib */,
				7C92FA3219FEBE9A004A44B5 /* BB_MapLabelView.h */,
				7C92FA3319FEBE9A004A44B5 /* BB_MapLabelView.m */,
				7CC348F519F7124300183D25 /* Reachability.h */,
				7CC348F619F7124300183D25 /* Reachability.m */,
				7C92FA371A080DDD004A44B5 /* MBProgressHUD.h */,
				7C92FA381A080DDD004A44B5 /* MBProgressHUD.m */,
				7CC348EA19E71EBD00183D25 /* PopUpViewController.h */,
				7CC348EB19E71EBD00183D25 /* PopUpViewController.m */,
				7CC348EC19E71EBD00183D25 /* PopUpViewController.xib */,
				4550460E19CC985F004EC589 /* StopCell.xib */,
				7C7FDFE019D337500053E3A6 /* StopETABox.xib */,
				7C7FDFE219D338480053E3A6 /* BB_StopETABox.h */,
				7C7FDFE319D338480053E3A6 /* BB_StopETABox.m */,
				455E5F8919CC9FAD007620AD /* BB_StopCell.h */,
				455E5F8A19CC9FAD007620AD /* BB_StopCell.m */,
				7CDD0ABD19C8D85E00B7623D /* Main.storyboard */,
				7CDD0BAF19C8DE6D00B7623D /* Model */,
				7CDD0BAE19C8DE6300B7623D /* View Controller */,
				7CDD0ABA19C8D85E00B7623D /* BB_AppDelegate.h */,
				7CDD0ABB19C8D85E00B7623D /* BB_AppDelegate.m */,
				7CDD0AC319C8D85E00B7623D /* Images.xcassets */,
				7CDD0AB219C8D85E00B7623D /* Supporting Files */,
			);
			path = BeaverBus;
			sourceTree = "<group>";
		};
		7CDD0AB219C8D85E00B7623D /* Supporting Files */ = {
			isa = PBXGroup;
			children = (
				7CC348EF19E7471C00183D25 /* Gudea-Bold.otf */,
				7CC348F019E7471C00183D25 /* Gudea-Italic.otf */,
				7CC348F119E7471C00183D25 /* Gudea-Regular.otf */,
				7CDD0AB319C8D85E00B7623D /* BeaverBus-Info.plist */,
				7CDD0AB419C8D85E00B7623D /* InfoPlist.strings */,
				7CDD0AB719C8D85E00B7623D /* main.m */,
				7CDD0AB919C8D85E00B7623D /* BeaverBus-Prefix.pch */,
			);
			name = "Supporting Files";
			sourceTree = "<group>";
		};
		7CDD0AD019C8D85E00B7623D /* BeaverBusTests */ = {
			isa = PBXGroup;
			children = (
				7CDD0AD619C8D85E00B7623D /* BeaverBusTests.m */,
				7CDD0AD119C8D85E00B7623D /* Supporting Files */,
			);
			path = BeaverBusTests;
			sourceTree = "<group>";
		};
		7CDD0AD119C8D85E00B7623D /* Supporting Files */ = {
			isa = PBXGroup;
			children = (
				7CDD0AD219C8D85E00B7623D /* BeaverBusTests-Info.plist */,
				7CDD0AD319C8D85E00B7623D /* InfoPlist.strings */,
			);
			name = "Supporting Files";
			sourceTree = "<group>";
		};
		7CDD0BAE19C8DE6300B7623D /* View Controller */ = {
			isa = PBXGroup;
			children = (
				45A5AB7A1A643B330068728F /* BB_MenuViewController.h */,
				45A5AB7B1A643B330068728F /* BB_MenuViewController.m */,
				45A5AB7C1A643B330068728F /* BB_MenuViewController.xib */,
				7CDD0AC019C8D85E00B7623D /* BB_ViewController.h */,
				7CDD0AC119C8D85E00B7623D /* BB_ViewController.m */,
			);
			name = "View Controller";
			sourceTree = "<group>";
		};
		7CDD0BAF19C8DE6D00B7623D /* Model */ = {
			isa = PBXGroup;
			children = (
				4550460A19CC921B004EC589 /* EasyTableView */,
				7CDD0BB019C8DEE600B7623D /* BB_MapState.h */,
				7CDD0BB119C8DEE600B7623D /* BB_MapState.m */,
				7CDD0BB319C8EB3A00B7623D /* BB_Shuttle.h */,
				7CDD0BB419C8EB3A00B7623D /* BB_Shuttle.m */,
				7CDD0BB619C8EB4F00B7623D /* BB_Stop.h */,
				7CDD0BB719C8EB4F00B7623D /* BB_Stop.m */,
				7CDD0BB919C8F35A00B7623D /* BB_ShuttleUpdater.h */,
				7CDD0BBA19C8F35A00B7623D /* BB_ShuttleUpdater.m */,
				4598D29A19D0D5FF00BF6339 /* BB_StopEstimatePair.h */,
				4598D29B19D0D5FF00BF6339 /* BB_StopEstimatePair.m */,
			);
			name = Model;
			sourceTree = "<group>";
		};
/* End PBXGroup section */

/* Begin PBXNativeTarget section */
		7CDD0AA719C8D85E00B7623D /* BeaverBus */ = {
			isa = PBXNativeTarget;
			buildConfigurationList = 7CDD0ADA19C8D85F00B7623D /* Build configuration list for PBXNativeTarget "BeaverBus" */;
			buildPhases = (
				7CDD0AA419C8D85E00B7623D /* Sources */,
				7CDD0AA519C8D85E00B7623D /* Frameworks */,
				7CDD0AA619C8D85E00B7623D /* Resources */,
			);
			buildRules = (
			);
			dependencies = (
			);
			name = BeaverBus;
			productName = BeaverBus;
			productReference = 7CDD0AA819C8D85E00B7623D /* BeaverBus.app */;
			productType = "com.apple.product-type.application";
		};
		7CDD0AC819C8D85E00B7623D /* BeaverBusTests */ = {
			isa = PBXNativeTarget;
			buildConfigurationList = 7CDD0ADD19C8D85F00B7623D /* Build configuration list for PBXNativeTarget "BeaverBusTests" */;
			buildPhases = (
				7CDD0AC519C8D85E00B7623D /* Sources */,
				7CDD0AC619C8D85E00B7623D /* Frameworks */,
				7CDD0AC719C8D85E00B7623D /* Resources */,
			);
			buildRules = (
			);
			dependencies = (
				7CDD0ACF19C8D85E00B7623D /* PBXTargetDependency */,
			);
			name = BeaverBusTests;
			productName = BeaverBusTests;
			productReference = 7CDD0AC919C8D85E00B7623D /* BeaverBusTests.xctest */;
			productType = "com.apple.product-type.bundle.unit-test";
		};
/* End PBXNativeTarget section */

/* Begin PBXProject section */
		7CDD0AA019C8D85E00B7623D /* Project object */ = {
			isa = PBXProject;
			attributes = {
				CLASSPREFIX = BB_;
				LastUpgradeCheck = 0510;
				ORGANIZATIONNAME = "Oregon State University";
				TargetAttributes = {
					7CDD0AC819C8D85E00B7623D = {
						TestTargetID = 7CDD0AA719C8D85E00B7623D;
					};
				};
			};
			buildConfigurationList = 7CDD0AA319C8D85E00B7623D /* Build configuration list for PBXProject "BeaverBus" */;
			compatibilityVersion = "Xcode 3.2";
			developmentRegion = English;
			hasScannedForEncodings = 0;
			knownRegions = (
				en,
				Base,
				ar,
				ca,
				cs,
				da,
				de,
				el,
				en_GB,
				es,
				fi,
				fr,
				he,
				hr,
				hu,
				id,
				it,
				ja,
				ko,
				ms,
				nl,
				no,
				pl,
				pt,
				pt_PT,
				ro,
				ru,
				sk,
				sv,
				th,
				tr,
				uk,
				vi,
				zh_CN,
				zh_TW,
			);
			mainGroup = 7CDD0A9F19C8D85E00B7623D;
			productRefGroup = 7CDD0AA919C8D85E00B7623D /* Products */;
			projectDirPath = "";
			projectRoot = "";
			targets = (
				7CDD0AA719C8D85E00B7623D /* BeaverBus */,
				7CDD0AC819C8D85E00B7623D /* BeaverBusTests */,
			);
		};
/* End PBXProject section */

/* Begin PBXResourcesBuildPhase section */
		7CDD0AA619C8D85E00B7623D /* Resources */ = {
			isa = PBXResourcesBuildPhase;
			buildActionMask = 2147483647;
			files = (
				7C7FDFE119D337500053E3A6 /* StopETABox.xib in Resources */,
				7CC348F219E7471C00183D25 /* Gudea-Bold.otf in Resources */,
				7C92FA411A6452D8004A44B5 /* FavoriteRow.xib in Resources */,
				7CDD0AC419C8D85E00B7623D /* Images.xcassets in Resources */,
				7CDD0AB619C8D85E00B7623D /* InfoPlist.strings in Resources */,
				7CC348F319E7471C00183D25 /* Gudea-Italic.otf in Resources */,
				7CDD0ABF19C8D85E00B7623D /* Main.storyboard in Resources */,
				7CC348EE19E71EBD00183D25 /* PopUpViewController.xib in Resources */,
				45A5AB7E1A643B330068728F /* BB_MenuViewController.xib in Resources */,
				7CF5E37619CB46190042950F /* GoogleMaps.bundle in Resources */,
				4550460F19CC985F004EC589 /* StopCell.xib in Resources */,
				7CC348F419E7471C00183D25 /* Gudea-Regular.otf in Resources */,
			);
			runOnlyForDeploymentPostprocessing = 0;
		};
		7CDD0AC719C8D85E00B7623D /* Resources */ = {
			isa = PBXResourcesBuildPhase;
			buildActionMask = 2147483647;
			files = (
				7CDD0AD519C8D85E00B7623D /* InfoPlist.strings in Resources */,
			);
			runOnlyForDeploymentPostprocessing = 0;
		};
/* End PBXResourcesBuildPhase section */

/* Begin PBXSourcesBuildPhase section */
		7CDD0AA419C8D85E00B7623D /* Sources */ = {
			isa = PBXSourcesBuildPhase;
			buildActionMask = 2147483647;
			files = (
				45A5AB7D1A643B330068728F /* BB_MenuViewController.m in Sources */,
				7CDD0ABC19C8D85E00B7623D /* BB_AppDelegate.m in Sources */,
				7CDD0BB519C8EB3A00B7623D /* BB_Shuttle.m in Sources */,
				7CDD0AB819C8D85E00B7623D /* main.m in Sources */,
				7CDD0BB219C8DEE600B7623D /* BB_MapState.m in Sources */,
				7CDD0BBB19C8F35A00B7623D /* BB_ShuttleUpdater.m in Sources */,
				7C7FDFE419D338480053E3A6 /* BB_StopETABox.m in Sources */,
				4598D29C19D0D5FF00BF6339 /* BB_StopEstimatePair.m in Sources */,
				7C92FA3C1A643CEB004A44B5 /* BB_Favorite.m in Sources */,
				7CDD0AC219C8D85E00B7623D /* BB_ViewController.m in Sources */,
				7C92FA3419FEBE9A004A44B5 /* BB_MapLabelView.m in Sources */,
				7CC348ED19E71EBD00183D25 /* PopUpViewController.m in Sources */,
				455E5F8B19CC9FAD007620AD /* BB_StopCell.m in Sources */,
				7CC348F719F7124300183D25 /* Reachability.m in Sources */,
				7CDD0BB819C8EB4F00B7623D /* BB_Stop.m in Sources */,
				7C92FA391A080DDD004A44B5 /* MBProgressHUD.m in Sources */,
			);
			runOnlyForDeploymentPostprocessing = 0;
		};
		7CDD0AC519C8D85E00B7623D /* Sources */ = {
			isa = PBXSourcesBuildPhase;
			buildActionMask = 2147483647;
			files = (
				7CDD0AD719C8D85E00B7623D /* BeaverBusTests.m in Sources */,
			);
			runOnlyForDeploymentPostprocessing = 0;
		};
/* End PBXSourcesBuildPhase section */

/* Begin PBXTargetDependency section */
		7CDD0ACF19C8D85E00B7623D /* PBXTargetDependency */ = {
			isa = PBXTargetDependency;
			target = 7CDD0AA719C8D85E00B7623D /* BeaverBus */;
			targetProxy = 7CDD0ACE19C8D85E00B7623D /* PBXContainerItemProxy */;
		};
/* End PBXTargetDependency section */

/* Begin PBXVariantGroup section */
		7CDD0AB419C8D85E00B7623D /* InfoPlist.strings */ = {
			isa = PBXVariantGroup;
			children = (
				7CDD0AB519C8D85E00B7623D /* en */,
			);
			name = InfoPlist.strings;
			sourceTree = "<group>";
		};
		7CDD0ABD19C8D85E00B7623D /* Main.storyboard */ = {
			isa = PBXVariantGroup;
			children = (
				7CDD0ABE19C8D85E00B7623D /* Base */,
			);
			name = Main.storyboard;
			sourceTree = "<group>";
		};
		7CDD0AD319C8D85E00B7623D /* InfoPlist.strings */ = {
			isa = PBXVariantGroup;
			children = (
				7CDD0AD419C8D85E00B7623D /* en */,
			);
			name = InfoPlist.strings;
			sourceTree = "<group>";
		};
/* End PBXVariantGroup section */

/* Begin XCBuildConfiguration section */
		7CDD0AD819C8D85F00B7623D /* Debug */ = {
			isa = XCBuildConfiguration;
			buildSettings = {
				ALWAYS_SEARCH_USER_PATHS = NO;
				CLANG_CXX_LANGUAGE_STANDARD = "gnu++0x";
				CLANG_CXX_LIBRARY = "libc++";
				CLANG_ENABLE_MODULES = YES;
				CLANG_ENABLE_OBJC_ARC = YES;
				CLANG_WARN_BOOL_CONVERSION = YES;
				CLANG_WARN_CONSTANT_CONVERSION = YES;
				CLANG_WARN_DIRECT_OBJC_ISA_USAGE = YES_ERROR;
				CLANG_WARN_EMPTY_BODY = YES;
				CLANG_WARN_ENUM_CONVERSION = YES;
				CLANG_WARN_INT_CONVERSION = YES;
				CLANG_WARN_OBJC_ROOT_CLASS = YES_ERROR;
				CLANG_WARN__DUPLICATE_METHOD_MATCH = YES;
				"CODE_SIGN_IDENTITY[sdk=iphoneos*]" = "iPhone Developer";
				COPY_PHASE_STRIP = NO;
				GCC_C_LANGUAGE_STANDARD = gnu99;
				GCC_DYNAMIC_NO_PIC = NO;
				GCC_OPTIMIZATION_LEVEL = 0;
				GCC_PREPROCESSOR_DEFINITIONS = (
					"DEBUG=1",
					"$(inherited)",
				);
				GCC_SYMBOLS_PRIVATE_EXTERN = NO;
				GCC_WARN_64_TO_32_BIT_CONVERSION = YES;
				GCC_WARN_ABOUT_RETURN_TYPE = YES_ERROR;
				GCC_WARN_UNDECLARED_SELECTOR = YES;
				GCC_WARN_UNINITIALIZED_AUTOS = YES_AGGRESSIVE;
				GCC_WARN_UNUSED_FUNCTION = YES;
				GCC_WARN_UNUSED_VARIABLE = YES;
				IPHONEOS_DEPLOYMENT_TARGET = 7.1;
				ONLY_ACTIVE_ARCH = YES;
				"OTHER_LDFLAGS[arch=*]" = "-ObjC";
				SDKROOT = iphoneos;
			};
			name = Debug;
		};
		7CDD0AD919C8D85F00B7623D /* Release */ = {
			isa = XCBuildConfiguration;
			buildSettings = {
				ALWAYS_SEARCH_USER_PATHS = NO;
				CLANG_CXX_LANGUAGE_STANDARD = "gnu++0x";
				CLANG_CXX_LIBRARY = "libc++";
				CLANG_ENABLE_MODULES = YES;
				CLANG_ENABLE_OBJC_ARC = YES;
				CLANG_WARN_BOOL_CONVERSION = YES;
				CLANG_WARN_CONSTANT_CONVERSION = YES;
				CLANG_WARN_DIRECT_OBJC_ISA_USAGE = YES_ERROR;
				CLANG_WARN_EMPTY_BODY = YES;
				CLANG_WARN_ENUM_CONVERSION = YES;
				CLANG_WARN_INT_CONVERSION = YES;
				CLANG_WARN_OBJC_ROOT_CLASS = YES_ERROR;
				CLANG_WARN__DUPLICATE_METHOD_MATCH = YES;
				"CODE_SIGN_IDENTITY[sdk=iphoneos*]" = "iPhone Developer";
				COPY_PHASE_STRIP = YES;
				ENABLE_NS_ASSERTIONS = NO;
				GCC_C_LANGUAGE_STANDARD = gnu99;
				GCC_WARN_64_TO_32_BIT_CONVERSION = YES;
				GCC_WARN_ABOUT_RETURN_TYPE = YES_ERROR;
				GCC_WARN_UNDECLARED_SELECTOR = YES;
				GCC_WARN_UNINITIALIZED_AUTOS = YES_AGGRESSIVE;
				GCC_WARN_UNUSED_FUNCTION = YES;
				GCC_WARN_UNUSED_VARIABLE = YES;
				IPHONEOS_DEPLOYMENT_TARGET = 7.1;
				"OTHER_LDFLAGS[arch=*]" = "-ObjC";
				SDKROOT = iphoneos;
				VALIDATE_PRODUCT = YES;
			};
			name = Release;
		};
		7CDD0ADB19C8D85F00B7623D /* Debug */ = {
			isa = XCBuildConfiguration;
			buildSettings = {
				ASSETCATALOG_COMPILER_APPICON_NAME = AppIcon;
				ASSETCATALOG_COMPILER_LAUNCHIMAGE_NAME = LaunchImage;
				CODE_SIGN_IDENTITY = "iPhone Developer";
				FRAMEWORK_SEARCH_PATHS = (
					"$(inherited)",
					"/Users/nickdev/Downloads/GoogleMaps-iOS-1.8.1",
					"/Users/norredm/Downloads/GoogleMaps-iOS-1.8.1",
					2,
					"$(PROJECT_DIR)/BeaverBus/Dependencies",
				);
				GCC_PRECOMPILE_PREFIX_HEADER = YES;
				GCC_PREFIX_HEADER = "BeaverBus/BeaverBus-Prefix.pch";
				INFOPLIST_FILE = "BeaverBus/BeaverBus-Info.plist";
				PRODUCT_NAME = "$(TARGET_NAME)";
				WRAPPER_EXTENSION = app;
			};
			name = Debug;
		};
		7CDD0ADC19C8D85F00B7623D /* Release */ = {
			isa = XCBuildConfiguration;
			buildSettings = {
				ASSETCATALOG_COMPILER_APPICON_NAME = AppIcon;
				ASSETCATALOG_COMPILER_LAUNCHIMAGE_NAME = LaunchImage;
				CODE_SIGN_IDENTITY = "iPhone Developer";
				FRAMEWORK_SEARCH_PATHS = (
					"$(inherited)",
					"/Users/nickdev/Downloads/GoogleMaps-iOS-1.8.1",
					"/Users/norredm/Downloads/GoogleMaps-iOS-1.8.1",
					2,
					"$(PROJECT_DIR)/BeaverBus/Dependencies",
				);
				GCC_PRECOMPILE_PREFIX_HEADER = YES;
				GCC_PREFIX_HEADER = "BeaverBus/BeaverBus-Prefix.pch";
				INFOPLIST_FILE = "BeaverBus/BeaverBus-Info.plist";
				PRODUCT_NAME = "$(TARGET_NAME)";
				WRAPPER_EXTENSION = app;
			};
			name = Release;
		};
		7CDD0ADE19C8D85F00B7623D /* Debug */ = {
			isa = XCBuildConfiguration;
			buildSettings = {
				BUNDLE_LOADER = "$(BUILT_PRODUCTS_DIR)/BeaverBus.app/BeaverBus";
				FRAMEWORK_SEARCH_PATHS = (
					"$(SDKROOT)/Developer/Library/Frameworks",
					"$(inherited)",
					"$(DEVELOPER_FRAMEWORKS_DIR)",
				);
				GCC_PRECOMPILE_PREFIX_HEADER = YES;
				GCC_PREFIX_HEADER = "BeaverBus/BeaverBus-Prefix.pch";
				GCC_PREPROCESSOR_DEFINITIONS = (
					"DEBUG=1",
					"$(inherited)",
				);
				INFOPLIST_FILE = "BeaverBusTests/BeaverBusTests-Info.plist";
				PRODUCT_NAME = "$(TARGET_NAME)";
				TEST_HOST = "$(BUNDLE_LOADER)";
				WRAPPER_EXTENSION = xctest;
			};
			name = Debug;
		};
		7CDD0ADF19C8D85F00B7623D /* Release */ = {
			isa = XCBuildConfiguration;
			buildSettings = {
				BUNDLE_LOADER = "$(BUILT_PRODUCTS_DIR)/BeaverBus.app/BeaverBus";
				FRAMEWORK_SEARCH_PATHS = (
					"$(SDKROOT)/Developer/Library/Frameworks",
					"$(inherited)",
					"$(DEVELOPER_FRAMEWORKS_DIR)",
				);
				GCC_PRECOMPILE_PREFIX_HEADER = YES;
				GCC_PREFIX_HEADER = "BeaverBus/BeaverBus-Prefix.pch";
				INFOPLIST_FILE = "BeaverBusTests/BeaverBusTests-Info.plist";
				PRODUCT_NAME = "$(TARGET_NAME)";
				TEST_HOST = "$(BUNDLE_LOADER)";
				WRAPPER_EXTENSION = xctest;
			};
			name = Release;
		};
/* End XCBuildConfiguration section */

/* Begin XCConfigurationList section */
		7CDD0AA319C8D85E00B7623D /* Build configuration list for PBXProject "BeaverBus" */ = {
			isa = XCConfigurationList;
			buildConfigurations = (
				7CDD0AD819C8D85F00B7623D /* Debug */,
				7CDD0AD919C8D85F00B7623D /* Release */,
			);
			defaultConfigurationIsVisible = 0;
			defaultConfigurationName = Release;
		};
		7CDD0ADA19C8D85F00B7623D /* Build configuration list for PBXNativeTarget "BeaverBus" */ = {
			isa = XCConfigurationList;
			buildConfigurations = (
				7CDD0ADB19C8D85F00B7623D /* Debug */,
				7CDD0ADC19C8D85F00B7623D /* Release */,
			);
			defaultConfigurationIsVisible = 0;
			defaultConfigurationName = Release;
		};
		7CDD0ADD19C8D85F00B7623D /* Build configuration list for PBXNativeTarget "BeaverBusTests" */ = {
			isa = XCConfigurationList;
			buildConfigurations = (
				7CDD0ADE19C8D85F00B7623D /* Debug */,
				7CDD0ADF19C8D85F00B7623D /* Release */,
			);
			defaultConfigurationIsVisible = 0;
			defaultConfigurationName = Release;
		};
/* End XCConfigurationList section */
	};
	rootObject = 7CDD0AA019C8D85E00B7623D /* Project object */;
}
